
Microsoft Visual Studio Solution File, Format Version 12.00
# Visual Studio Version 16
VisualStudioVersion = 16.0.28803.352
MinimumVisualStudioVersion = 10.0.40219.1
Project("{FAE04EC0-301F-11D3-BF4B-00C04F79EFBC}") = "Kalkulator", "Kalkulator\Kalkulator.csproj", "{58F6A030-AC1B-4C2E-B870-1E4F9BC86E4B}"
EndProject
Global
	GlobalSection(SolutionConfigurationPlatforms) = preSolution
		Debug|Any CPU = Debug|Any CPU
		Release|Any CPU = Release|Any CPU
	EndGlobalSection
	GlobalSection(ProjectConfigurationPlatforms) = postSolution
		{58F6A030-AC1B-4C2E-B870-1E4F9BC86E4B}.Debug|Any CPU.ActiveCfg = Debug|Any CPU
		{58F6A030-AC1B-4C2E-B870-1E4F9BC86E4B}.Debug|Any CPU.Build.0 = Debug|Any CPU
		{58F6A030-AC1B-4C2E-B870-1E4F9BC86E4B}.Release|Any CPU.ActiveCfg = Release|Any CPU
		{58F6A030-AC1B-4C2E-B870-1E4F9BC86E4B}.Release|Any CPU.Build.0 = Release|Any CPU
	EndGlobalSection
	GlobalSection(SolutionProperties) = preSolution
		HideSolutionNode = FALSE
	EndGlobalSection
	GlobalSection(ExtensibilityGlobals) = postSolution
		SolutionGuid = {0DAA2757-AD25-4189-9F90-26186EE56C11}
	EndGlobalSection
EndGlobal
